
Microsoft Visual Studio Solution File, Format Version 12.00
# Visual Studio Version 17
VisualStudioVersion = 17.7.34024.191
MinimumVisualStudioVersion = 10.0.40219.1
Project("{FAE04EC0-301F-11D3-BF4B-00C04F79EFBC}") = "Lab5", "Lab5\Lab5.csproj", "{E29A0376-6656-47CF-89BE-BB2DD82B2B74}"
EndProject
Project("{2150E333-8FDC-42A3-9474-1A3956D46DE8}") = "Solution Items", "Solution Items", "{F4F2360F-8E96-46CC-9404-80A8235E4424}"
	ProjectSection(SolutionItems) = preProject
		target.txt = target.txt
		words.txt = words.txt
	EndProjectSection
EndProject
Global
	GlobalSection(SolutionConfigurationPlatforms) = preSolution
		Debug|Any CPU = Debug|Any CPU
		Release|Any CPU = Release|Any CPU
	EndGlobalSection
	GlobalSection(ProjectConfigurationPlatforms) = postSolution
		{E29A0376-6656-47CF-89BE-BB2DD82B2B74}.Debug|Any CPU.ActiveCfg = Debug|Any CPU
		{E29A0376-6656-47CF-89BE-BB2DD82B2B74}.Debug|Any CPU.Build.0 = Debug|Any CPU
		{E29A0376-6656-47CF-89BE-BB2DD82B2B74}.Release|Any CPU.ActiveCfg = Release|Any CPU
		{E29A0376-6656-47CF-89BE-BB2DD82B2B74}.Release|Any CPU.Build.0 = Release|Any CPU
	EndGlobalSection
	GlobalSection(SolutionProperties) = preSolution
		HideSolutionNode = FALSE
	EndGlobalSection
	GlobalSection(ExtensibilityGlobals) = postSolution
		SolutionGuid = {271D6710-E508-488E-ACE3-4CD1703E71A1}
	EndGlobalSection
EndGlobal
